{
  "version": 4,
  "terraform_version": "1.5.6",
  "serial": 63,
  "lineage": "dd70f321-662c-71fe-6518-6c445d8049e0",
  "outputs": {},
  "resources": [
    {
      "module": "module.resources",
      "mode": "managed",
      "type": "aws_instance",
      "name": "bastion_vm",
      "provider": "provider[\"registry.terraform.io/hashicorp/aws\"]",
      "instances": [
        {
          "schema_version": 1,
          "attributes": {
            "ami": "ami-0a2202cf4c36161a1",
            "arn": "arn:aws:ec2:eu-west-1:296274010522:instance/i-01d37a03f17d3c2af",
            "associate_public_ip_address": true,
            "availability_zone": "eu-west-1a",
            "capacity_reservation_specification": [
              {
                "capacity_reservation_preference": "open",
                "capacity_reservation_target": []
              }
            ],
            "cpu_core_count": 1,
            "cpu_options": [
              {
                "amd_sev_snp": "",
                "core_count": 1,
                "threads_per_core": 2
              }
            ],
            "cpu_threads_per_core": 2,
            "credit_specification": [
              {
                "cpu_credits": "unlimited"
              }
            ],
            "disable_api_stop": false,
            "disable_api_termination": false,
            "ebs_block_device": [],
            "ebs_optimized": false,
            "enclave_options": [
              {
                "enabled": false
              }
            ],
            "ephemeral_block_device": [],
            "get_password_data": false,
            "hibernation": false,
            "host_id": "",
            "host_resource_group_arn": null,
            "iam_instance_profile": "",
            "id": "i-01d37a03f17d3c2af",
            "instance_initiated_shutdown_behavior": "stop",
            "instance_lifecycle": "",
            "instance_market_options": [],
            "instance_state": "running",
            "instance_type": "t3.micro",
            "ipv6_address_count": 0,
            "ipv6_addresses": [],
            "key_name": "terra-test",
            "launch_template": [],
            "maintenance_options": [
              {
                "auto_recovery": "default"
              }
            ],
            "metadata_options": [
              {
                "http_endpoint": "enabled",
                "http_protocol_ipv6": "disabled",
                "http_put_response_hop_limit": 2,
                "http_tokens": "required",
                "instance_metadata_tags": "disabled"
              }
            ],
            "monitoring": false,
            "network_interface": [],
            "outpost_arn": "",
            "password_data": "",
            "placement_group": "",
            "placement_partition_number": 0,
            "primary_network_interface_id": "eni-0f09f962983400784",
            "private_dns": "ip-10-0-1-34.eu-west-1.compute.internal",
            "private_dns_name_options": [
              {
                "enable_resource_name_dns_a_record": false,
                "enable_resource_name_dns_aaaa_record": false,
                "hostname_type": "ip-name"
              }
            ],
            "private_ip": "10.0.1.34",
            "public_dns": "",
            "public_ip": "3.250.22.80",
            "root_block_device": [
              {
                "delete_on_termination": true,
                "device_name": "/dev/xvda",
                "encrypted": false,
                "iops": 3000,
                "kms_key_id": "",
                "tags": {},
                "tags_all": {},
                "throughput": 125,
                "volume_id": "vol-06d15f6e301b44b58",
                "volume_size": 8,
                "volume_type": "gp3"
              }
            ],
            "secondary_private_ips": [],
            "security_groups": [],
            "source_dest_check": true,
            "spot_instance_request_id": "",
            "subnet_id": "subnet-01482df7c920692aa",
            "tags": {
              "Name": "nqs-bastion-instance"
            },
            "tags_all": {
              "Name": "nqs-bastion-instance"
            },
            "tenancy": "default",
            "timeouts": null,
            "user_data": null,
            "user_data_base64": null,
            "user_data_replace_on_change": false,
            "volume_tags": null,
            "vpc_security_group_ids": [
              "sg-03e6cac1ca2943b45"
            ]
          },
          "sensitive_attributes": [],
          "private": "eyJlMmJmYjczMC1lY2FhLTExZTYtOGY4OC0zNDM2M2JjN2M0YzAiOnsiY3JlYXRlIjo2MDAwMDAwMDAwMDAsImRlbGV0ZSI6MTIwMDAwMDAwMDAwMCwicmVhZCI6OTAwMDAwMDAwMDAwLCJ1cGRhdGUiOjYwMDAwMDAwMDAwMH0sInNjaGVtYV92ZXJzaW9uIjoiMSJ9",
          "dependencies": [
            "module.resources.aws_key_pair.key_pair",
            "module.resources.aws_security_group.bastion_sg",
            "module.resources.aws_subnet.public_sub"
          ]
        }
      ]
    },
    {
      "module": "module.resources",
      "mode": "managed",
      "type": "aws_instance",
      "name": "private_vm",
      "provider": "provider[\"registry.terraform.io/hashicorp/aws\"]",
      "instances": [
        {
          "schema_version": 1,
          "attributes": {
            "ami": "ami-0a2202cf4c36161a1",
            "arn": "arn:aws:ec2:eu-west-1:296274010522:instance/i-0c91467170e3bdc13",
            "associate_public_ip_address": true,
            "availability_zone": "eu-west-1b",
            "capacity_reservation_specification": [
              {
                "capacity_reservation_preference": "open",
                "capacity_reservation_target": []
              }
            ],
            "cpu_core_count": 1,
            "cpu_options": [
              {
                "amd_sev_snp": "",
                "core_count": 1,
                "threads_per_core": 2
              }
            ],
            "cpu_threads_per_core": 2,
            "credit_specification": [
              {
                "cpu_credits": "unlimited"
              }
            ],
            "disable_api_stop": false,
            "disable_api_termination": false,
            "ebs_block_device": [],
            "ebs_optimized": false,
            "enclave_options": [
              {
                "enabled": false
              }
            ],
            "ephemeral_block_device": [],
            "get_password_data": false,
            "hibernation": false,
            "host_id": "",
            "host_resource_group_arn": null,
            "iam_instance_profile": "",
            "id": "i-0c91467170e3bdc13",
            "instance_initiated_shutdown_behavior": "stop",
            "instance_lifecycle": "",
            "instance_market_options": [],
            "instance_state": "running",
            "instance_type": "t3.micro",
            "ipv6_address_count": 0,
            "ipv6_addresses": [],
            "key_name": "terra-test",
            "launch_template": [],
            "maintenance_options": [
              {
                "auto_recovery": "default"
              }
            ],
            "metadata_options": [
              {
                "http_endpoint": "enabled",
                "http_protocol_ipv6": "disabled",
                "http_put_response_hop_limit": 2,
                "http_tokens": "required",
                "instance_metadata_tags": "disabled"
              }
            ],
            "monitoring": false,
            "network_interface": [],
            "outpost_arn": "",
            "password_data": "",
            "placement_group": "",
            "placement_partition_number": 0,
            "primary_network_interface_id": "eni-030ddde2782b83961",
            "private_dns": "ip-10-0-2-175.eu-west-1.compute.internal",
            "private_dns_name_options": [
              {
                "enable_resource_name_dns_a_record": false,
                "enable_resource_name_dns_aaaa_record": false,
                "hostname_type": "ip-name"
              }
            ],
            "private_ip": "10.0.2.175",
            "public_dns": "",
            "public_ip": "3.249.122.99",
            "root_block_device": [
              {
                "delete_on_termination": true,
                "device_name": "/dev/xvda",
                "encrypted": false,
                "iops": 3000,
                "kms_key_id": "",
                "tags": {},
                "tags_all": {},
                "throughput": 125,
                "volume_id": "vol-0aee9b917b99300d0",
                "volume_size": 8,
                "volume_type": "gp3"
              }
            ],
            "secondary_private_ips": [],
            "security_groups": [],
            "source_dest_check": true,
            "spot_instance_request_id": "",
            "subnet_id": "subnet-0df591fc7fbf20f1c",
            "tags": {
              "Name": "nqs-priv-instance"
            },
            "tags_all": {
              "Name": "nqs-priv-instance"
            },
            "tenancy": "default",
            "timeouts": null,
            "user_data": null,
            "user_data_base64": null,
            "user_data_replace_on_change": false,
            "volume_tags": null,
            "vpc_security_group_ids": [
              "sg-0e08af8f37f3fe9b8"
            ]
          },
          "sensitive_attributes": [],
          "private": "eyJlMmJmYjczMC1lY2FhLTExZTYtOGY4OC0zNDM2M2JjN2M0YzAiOnsiY3JlYXRlIjo2MDAwMDAwMDAwMDAsImRlbGV0ZSI6MTIwMDAwMDAwMDAwMCwicmVhZCI6OTAwMDAwMDAwMDAwLCJ1cGRhdGUiOjYwMDAwMDAwMDAwMH0sInNjaGVtYV92ZXJzaW9uIjoiMSJ9",
          "dependencies": [
            "module.resources.aws_key_pair.key_pair",
            "module.resources.aws_security_group.custom_sg_private",
            "module.resources.aws_subnet.private_sub"
          ]
        }
      ]
    },
    {
      "module": "module.resources",
      "mode": "managed",
      "type": "aws_instance",
      "name": "public_vm",
      "provider": "provider[\"registry.terraform.io/hashicorp/aws\"]",
      "instances": [
        {
          "schema_version": 1,
          "attributes": {
            "ami": "ami-0a2202cf4c36161a1",
            "arn": "arn:aws:ec2:eu-west-1:296274010522:instance/i-05dc003c41684a7c4",
            "associate_public_ip_address": true,
            "availability_zone": "eu-west-1a",
            "capacity_reservation_specification": [
              {
                "capacity_reservation_preference": "open",
                "capacity_reservation_target": []
              }
            ],
            "cpu_core_count": 1,
            "cpu_options": [
              {
                "amd_sev_snp": "",
                "core_count": 1,
                "threads_per_core": 2
              }
            ],
            "cpu_threads_per_core": 2,
            "credit_specification": [
              {
                "cpu_credits": "unlimited"
              }
            ],
            "disable_api_stop": false,
            "disable_api_termination": false,
            "ebs_block_device": [],
            "ebs_optimized": false,
            "enclave_options": [
              {
                "enabled": false
              }
            ],
            "ephemeral_block_device": [],
            "get_password_data": false,
            "hibernation": false,
            "host_id": "",
            "host_resource_group_arn": null,
            "iam_instance_profile": "",
            "id": "i-05dc003c41684a7c4",
            "instance_initiated_shutdown_behavior": "stop",
            "instance_lifecycle": "",
            "instance_market_options": [],
            "instance_state": "running",
            "instance_type": "t3.micro",
            "ipv6_address_count": 0,
            "ipv6_addresses": [],
            "key_name": "terra-test",
            "launch_template": [],
            "maintenance_options": [
              {
                "auto_recovery": "default"
              }
            ],
            "metadata_options": [
              {
                "http_endpoint": "enabled",
                "http_protocol_ipv6": "disabled",
                "http_put_response_hop_limit": 2,
                "http_tokens": "required",
                "instance_metadata_tags": "disabled"
              }
            ],
            "monitoring": false,
            "network_interface": [],
            "outpost_arn": "",
            "password_data": "",
            "placement_group": "",
            "placement_partition_number": 0,
            "primary_network_interface_id": "eni-06e457432bff0cf20",
            "private_dns": "ip-10-0-1-208.eu-west-1.compute.internal",
            "private_dns_name_options": [
              {
                "enable_resource_name_dns_a_record": false,
                "enable_resource_name_dns_aaaa_record": false,
                "hostname_type": "ip-name"
              }
            ],
            "private_ip": "10.0.1.208",
            "public_dns": "",
            "public_ip": "54.247.9.25",
            "root_block_device": [
              {
                "delete_on_termination": true,
                "device_name": "/dev/xvda",
                "encrypted": false,
                "iops": 3000,
                "kms_key_id": "",
                "tags": {},
                "tags_all": {},
                "throughput": 125,
                "volume_id": "vol-07d5f10237115f29b",
                "volume_size": 8,
                "volume_type": "gp3"
              }
            ],
            "secondary_private_ips": [],
            "security_groups": [],
            "source_dest_check": true,
            "spot_instance_request_id": "",
            "subnet_id": "subnet-01482df7c920692aa",
            "tags": {
              "Name": "nqs-pub-instance"
            },
            "tags_all": {
              "Name": "nqs-pub-instance"
            },
            "tenancy": "default",
            "timeouts": null,
            "user_data": null,
            "user_data_base64": null,
            "user_data_replace_on_change": false,
            "volume_tags": null,
            "vpc_security_group_ids": [
              "sg-0d30b593ff30dcf75"
            ]
          },
          "sensitive_attributes": [],
          "private": "eyJlMmJmYjczMC1lY2FhLTExZTYtOGY4OC0zNDM2M2JjN2M0YzAiOnsiY3JlYXRlIjo2MDAwMDAwMDAwMDAsImRlbGV0ZSI6MTIwMDAwMDAwMDAwMCwicmVhZCI6OTAwMDAwMDAwMDAwLCJ1cGRhdGUiOjYwMDAwMDAwMDAwMH0sInNjaGVtYV92ZXJzaW9uIjoiMSJ9",
          "dependencies": [
            "module.resources.aws_key_pair.key_pair",
            "module.resources.aws_security_group.custom_sg",
            "module.resources.aws_subnet.public_sub"
          ]
        }
      ]
    },
    {
      "module": "module.resources",
      "mode": "managed",
      "type": "aws_internet_gateway",
      "name": "igw",
      "provider": "provider[\"registry.terraform.io/hashicorp/aws\"]",
      "instances": [
        {
          "schema_version": 0,
          "attributes": {
            "arn": "arn:aws:ec2:eu-west-1:296274010522:internet-gateway/igw-02cd018ece69702bb",
            "id": "igw-02cd018ece69702bb",
            "owner_id": "296274010522",
            "tags": {
              "Name": "nqs-internet-gateway"
            },
            "tags_all": {
              "Name": "nqs-internet-gateway"
            },
            "timeouts": null,
            "vpc_id": "vpc-0fb6da66f3d212b1a"
          },
          "sensitive_attributes": [],
          "private": "eyJlMmJmYjczMC1lY2FhLTExZTYtOGY4OC0zNDM2M2JjN2M0YzAiOnsiY3JlYXRlIjoxMjAwMDAwMDAwMDAwLCJkZWxldGUiOjEyMDAwMDAwMDAwMDAsInVwZGF0ZSI6MTIwMDAwMDAwMDAwMH19",
          "dependencies": [
            "module.resources.aws_vpc.custom_vpc"
          ]
        }
      ]
    },
    {
      "module": "module.resources",
      "mode": "managed",
      "type": "aws_key_pair",
      "name": "key_pair",
      "provider": "provider[\"registry.terraform.io/hashicorp/aws\"]",
      "instances": [
        {
          "schema_version": 1,
          "attributes": {
            "arn": "arn:aws:ec2:eu-west-1:296274010522:key-pair/terra-test",
            "fingerprint": "bc:54:e2:62:58:b2:d4:4a:40:e8:37:f7:7c:2a:bc:4d",
            "id": "terra-test",
            "key_name": "terra-test",
            "key_name_prefix": "",
            "key_pair_id": "key-0cc390e4a59c4723c",
            "key_type": "rsa",
            "public_key": "ssh-rsa AAAAB3NzaC1yc2EAAAADAQABAAACAQCoftSO2RK+8DJ4OS1gSj/bnWofvUxuSHjDv0VbxLYCzNtjYRP66GOgg5u4TbUScsKyMeKIym3GSikgMMPNa2YDteatdUvj8+68Ak1cjlC/0r+eftNNJrbm6/r7ObI3M4GWxqmYKb3ASX4AZK28jT+0gvA7Oa1uDEVJWE/6SUkLY+bdAfFeeLwuwfDr9tmELbnhX82aGLP7pGo8RmNdbof0KXLkCb4Qo7VgowyzaJQrEH6fIM4EpKpAMSDBp65bZlXfRNxq2alfZ79K2ObHFY+5kUOUWyqWkBwJhJHvpFCrO8SnN4ViaOg3ul0A4ohZBew6zQHdTxMeOnKv9Wv/wHUbcMHOm2eu7BXRdnHb91H4CTDJmzjRcxwBOndsBlCIyaBFaADGMqCpwMB8JA40FHiVnn0ZWdKxEKCUy5WcDSmE25UawqfQR7IVMKWDyUymCAgL16OcPtc2gEGDeRBMMu5RiLzvFObVZXuPZBDiT9/DjixnAFTg0IS/qKJABDufxbaNBEkBl0EeChrPbMawWwEiIk/7cWv3JETv9BlbXeSH8RsnDCdcTtQzhNuS28MwnE4fk2HDCKOh2NfSphgsSyb2psSTuVZDWBvts7sVFWh/wP1D0pM77nA9ma8w6ADQ+IwAUgg+xQhRsDXzUlfrKYO2c86FDP3FAZvQw/YIKKLwRQ==",
            "tags": {},
            "tags_all": {}
          },
          "sensitive_attributes": [],
          "private": "eyJzY2hlbWFfdmVyc2lvbiI6IjEifQ==",
          "dependencies": [
            "module.resources.tls_private_key.rsa_4096"
          ]
        }
      ]
    },
    {
      "module": "module.resources",
      "mode": "managed",
      "type": "aws_route_table",
      "name": "custom_route_table",
      "provider": "provider[\"registry.terraform.io/hashicorp/aws\"]",
      "instances": [
        {
          "schema_version": 0,
          "attributes": {
            "arn": "arn:aws:ec2:eu-west-1:296274010522:route-table/rtb-06add4b7004adcfa8",
            "id": "rtb-06add4b7004adcfa8",
            "owner_id": "296274010522",
            "propagating_vgws": [],
            "route": [
              {
                "carrier_gateway_id": "",
                "cidr_block": "0.0.0.0/0",
                "core_network_arn": "",
                "destination_prefix_list_id": "",
                "egress_only_gateway_id": "",
                "gateway_id": "igw-02cd018ece69702bb",
                "ipv6_cidr_block": "",
                "local_gateway_id": "",
                "nat_gateway_id": "",
                "network_interface_id": "",
                "transit_gateway_id": "",
                "vpc_endpoint_id": "",
                "vpc_peering_connection_id": ""
              }
            ],
            "tags": {
              "Name": "nqs-public-rt"
            },
            "tags_all": {
              "Name": "nqs-public-rt"
            },
            "timeouts": null,
            "vpc_id": "vpc-0fb6da66f3d212b1a"
          },
          "sensitive_attributes": [],
          "private": "eyJlMmJmYjczMC1lY2FhLTExZTYtOGY4OC0zNDM2M2JjN2M0YzAiOnsiY3JlYXRlIjozMDAwMDAwMDAwMDAsImRlbGV0ZSI6MzAwMDAwMDAwMDAwLCJ1cGRhdGUiOjEyMDAwMDAwMDAwMH19",
          "dependencies": [
            "module.resources.aws_internet_gateway.igw",
            "module.resources.aws_vpc.custom_vpc"
          ]
        }
      ]
    },
    {
      "module": "module.resources",
      "mode": "managed",
      "type": "aws_route_table_association",
      "name": "custom_rt_association",
      "provider": "provider[\"registry.terraform.io/hashicorp/aws\"]",
      "instances": [
        {
          "schema_version": 0,
          "attributes": {
            "gateway_id": "",
            "id": "rtbassoc-0fab7be9ea87280d7",
            "route_table_id": "rtb-06add4b7004adcfa8",
            "subnet_id": "subnet-01482df7c920692aa",
            "timeouts": null
          },
          "sensitive_attributes": [],
          "private": "eyJlMmJmYjczMC1lY2FhLTExZTYtOGY4OC0zNDM2M2JjN2M0YzAiOnsiY3JlYXRlIjozMDAwMDAwMDAwMDAsImRlbGV0ZSI6MzAwMDAwMDAwMDAwLCJ1cGRhdGUiOjEyMDAwMDAwMDAwMH19",
          "dependencies": [
            "module.resources.aws_internet_gateway.igw",
            "module.resources.aws_route_table.custom_route_table",
            "module.resources.aws_subnet.public_sub",
            "module.resources.aws_vpc.custom_vpc"
          ]
        }
      ]
    },
    {
      "module": "module.resources",
      "mode": "managed",
      "type": "aws_security_group",
      "name": "bastion_sg",
      "provider": "provider[\"registry.terraform.io/hashicorp/aws\"]",
      "instances": [
        {
          "schema_version": 1,
          "attributes": {
            "arn": "arn:aws:ec2:eu-west-1:296274010522:security-group/sg-03e6cac1ca2943b45",
            "description": "Managed by Terraform",
            "egress": [
              {
                "cidr_blocks": [
                  "0.0.0.0/0"
                ],
                "description": "",
                "from_port": 0,
                "ipv6_cidr_blocks": [],
                "prefix_list_ids": [],
                "protocol": "-1",
                "security_groups": [],
                "self": false,
                "to_port": 0
              }
            ],
            "id": "sg-03e6cac1ca2943b45",
            "ingress": [
              {
                "cidr_blocks": [
                  "34.250.205.248/32"
                ],
                "description": "",
                "from_port": 22,
                "ipv6_cidr_blocks": [],
                "prefix_list_ids": [],
                "protocol": "tcp",
                "security_groups": [],
                "self": false,
                "to_port": 22
              }
            ],
            "name": "terraform-20240813083111637000000001",
            "name_prefix": "terraform-",
            "owner_id": "296274010522",
            "revoke_rules_on_delete": false,
            "tags": {
              "Name": "nqs-security-group-bastion"
            },
            "tags_all": {
              "Name": "nqs-security-group-bastion"
            },
            "timeouts": null,
            "vpc_id": "vpc-0fb6da66f3d212b1a"
          },
          "sensitive_attributes": [],
          "private": "eyJlMmJmYjczMC1lY2FhLTExZTYtOGY4OC0zNDM2M2JjN2M0YzAiOnsiY3JlYXRlIjo2MDAwMDAwMDAwMDAsImRlbGV0ZSI6OTAwMDAwMDAwMDAwfSwic2NoZW1hX3ZlcnNpb24iOiIxIn0=",
          "dependencies": [
            "module.resources.aws_vpc.custom_vpc"
          ]
        }
      ]
    },
    {
      "module": "module.resources",
      "mode": "managed",
      "type": "aws_security_group",
      "name": "custom_sg",
      "provider": "provider[\"registry.terraform.io/hashicorp/aws\"]",
      "instances": [
        {
          "schema_version": 1,
          "attributes": {
            "arn": "arn:aws:ec2:eu-west-1:296274010522:security-group/sg-0d30b593ff30dcf75",
            "description": "Managed by Terraform",
            "egress": [
              {
                "cidr_blocks": [
                  "0.0.0.0/0"
                ],
                "description": "",
                "from_port": 0,
                "ipv6_cidr_blocks": [],
                "prefix_list_ids": [],
                "protocol": "-1",
                "security_groups": [],
                "self": false,
                "to_port": 0
              }
            ],
            "id": "sg-0d30b593ff30dcf75",
            "ingress": [
              {
                "cidr_blocks": [
                  "0.0.0.0/0"
                ],
                "description": "",
                "from_port": 22,
                "ipv6_cidr_blocks": [],
                "prefix_list_ids": [],
                "protocol": "tcp",
                "security_groups": [],
                "self": false,
                "to_port": 22
              }
            ],
            "name": "terraform-20240813083111637000000002",
            "name_prefix": "terraform-",
            "owner_id": "296274010522",
            "revoke_rules_on_delete": false,
            "tags": {
              "Name": "nqs-security-group"
            },
            "tags_all": {
              "Name": "nqs-security-group"
            },
            "timeouts": null,
            "vpc_id": "vpc-0fb6da66f3d212b1a"
          },
          "sensitive_attributes": [],
          "private": "eyJlMmJmYjczMC1lY2FhLTExZTYtOGY4OC0zNDM2M2JjN2M0YzAiOnsiY3JlYXRlIjo2MDAwMDAwMDAwMDAsImRlbGV0ZSI6OTAwMDAwMDAwMDAwfSwic2NoZW1hX3ZlcnNpb24iOiIxIn0=",
          "dependencies": [
            "module.resources.aws_vpc.custom_vpc"
          ]
        }
      ]
    },
    {
      "module": "module.resources",
      "mode": "managed",
      "type": "aws_security_group",
      "name": "custom_sg_private",
      "provider": "provider[\"registry.terraform.io/hashicorp/aws\"]",
      "instances": [
        {
          "schema_version": 1,
          "attributes": {
            "arn": "arn:aws:ec2:eu-west-1:296274010522:security-group/sg-0e08af8f37f3fe9b8",
            "description": "Managed by Terraform",
            "egress": [
              {
                "cidr_blocks": [
                  "0.0.0.0/0"
                ],
                "description": "",
                "from_port": 0,
                "ipv6_cidr_blocks": [],
                "prefix_list_ids": [],
                "protocol": "-1",
                "security_groups": [],
                "self": false,
                "to_port": 0
              }
            ],
            "id": "sg-0e08af8f37f3fe9b8",
            "ingress": [
              {
                "cidr_blocks": [],
                "description": "",
                "from_port": 22,
                "ipv6_cidr_blocks": [],
                "prefix_list_ids": [],
                "protocol": "tcp",
                "security_groups": [
                  "sg-03e6cac1ca2943b45"
                ],
                "self": false,
                "to_port": 22
              }
            ],
            "name": "terraform-20240813083115931800000004",
            "name_prefix": "terraform-",
            "owner_id": "296274010522",
            "revoke_rules_on_delete": false,
            "tags": {
              "Name": "nqs-security-group-private"
            },
            "tags_all": {
              "Name": "nqs-security-group-private"
            },
            "timeouts": null,
            "vpc_id": "vpc-0fb6da66f3d212b1a"
          },
          "sensitive_attributes": [],
          "private": "eyJlMmJmYjczMC1lY2FhLTExZTYtOGY4OC0zNDM2M2JjN2M0YzAiOnsiY3JlYXRlIjo2MDAwMDAwMDAwMDAsImRlbGV0ZSI6OTAwMDAwMDAwMDAwfSwic2NoZW1hX3ZlcnNpb24iOiIxIn0=",
          "dependencies": [
            "module.resources.aws_security_group.bastion_sg",
            "module.resources.aws_vpc.custom_vpc"
          ]
        }
      ]
    },
    {
      "module": "module.resources",
      "mode": "managed",
      "type": "aws_subnet",
      "name": "private_sub",
      "provider": "provider[\"registry.terraform.io/hashicorp/aws\"]",
      "instances": [
        {
          "schema_version": 1,
          "attributes": {
            "arn": "arn:aws:ec2:eu-west-1:296274010522:subnet/subnet-0df591fc7fbf20f1c",
            "assign_ipv6_address_on_creation": false,
            "availability_zone": "eu-west-1b",
            "availability_zone_id": "euw1-az1",
            "cidr_block": "10.0.2.0/24",
            "customer_owned_ipv4_pool": "",
            "enable_dns64": false,
            "enable_lni_at_device_index": 0,
            "enable_resource_name_dns_a_record_on_launch": false,
            "enable_resource_name_dns_aaaa_record_on_launch": false,
            "id": "subnet-0df591fc7fbf20f1c",
            "ipv6_cidr_block": "",
            "ipv6_cidr_block_association_id": "",
            "ipv6_native": false,
            "map_customer_owned_ip_on_launch": false,
            "map_public_ip_on_launch": false,
            "outpost_arn": "",
            "owner_id": "296274010522",
            "private_dns_hostname_type_on_launch": "ip-name",
            "tags": {
              "Name": "nqs-private-subnet"
            },
            "tags_all": {
              "Name": "nqs-private-subnet"
            },
            "timeouts": null,
            "vpc_id": "vpc-0fb6da66f3d212b1a"
          },
          "sensitive_attributes": [],
          "private": "eyJlMmJmYjczMC1lY2FhLTExZTYtOGY4OC0zNDM2M2JjN2M0YzAiOnsiY3JlYXRlIjo2MDAwMDAwMDAwMDAsImRlbGV0ZSI6MTIwMDAwMDAwMDAwMH0sInNjaGVtYV92ZXJzaW9uIjoiMSJ9",
          "dependencies": [
            "module.resources.aws_vpc.custom_vpc"
          ]
        }
      ]
    },
    {
      "module": "module.resources",
      "mode": "managed",
      "type": "aws_subnet",
      "name": "public_sub",
      "provider": "provider[\"registry.terraform.io/hashicorp/aws\"]",
      "instances": [
        {
          "schema_version": 1,
          "attributes": {
            "arn": "arn:aws:ec2:eu-west-1:296274010522:subnet/subnet-01482df7c920692aa",
            "assign_ipv6_address_on_creation": false,
            "availability_zone": "eu-west-1a",
            "availability_zone_id": "euw1-az3",
            "cidr_block": "10.0.1.0/24",
            "customer_owned_ipv4_pool": "",
            "enable_dns64": false,
            "enable_lni_at_device_index": 0,
            "enable_resource_name_dns_a_record_on_launch": false,
            "enable_resource_name_dns_aaaa_record_on_launch": false,
            "id": "subnet-01482df7c920692aa",
            "ipv6_cidr_block": "",
            "ipv6_cidr_block_association_id": "",
            "ipv6_native": false,
            "map_customer_owned_ip_on_launch": false,
            "map_public_ip_on_launch": false,
            "outpost_arn": "",
            "owner_id": "296274010522",
            "private_dns_hostname_type_on_launch": "ip-name",
            "tags": {
              "Name": "nqs-public-subnet"
            },
            "tags_all": {
              "Name": "nqs-public-subnet"
            },
            "timeouts": null,
            "vpc_id": "vpc-0fb6da66f3d212b1a"
          },
          "sensitive_attributes": [],
          "private": "eyJlMmJmYjczMC1lY2FhLTExZTYtOGY4OC0zNDM2M2JjN2M0YzAiOnsiY3JlYXRlIjo2MDAwMDAwMDAwMDAsImRlbGV0ZSI6MTIwMDAwMDAwMDAwMH0sInNjaGVtYV92ZXJzaW9uIjoiMSJ9",
          "dependencies": [
            "module.resources.aws_vpc.custom_vpc"
          ]
        }
      ]
    },
    {
      "module": "module.resources",
      "mode": "managed",
      "type": "aws_vpc",
      "name": "custom_vpc",
      "provider": "provider[\"registry.terraform.io/hashicorp/aws\"]",
      "instances": [
        {
          "schema_version": 1,
          "attributes": {
            "arn": "arn:aws:ec2:eu-west-1:296274010522:vpc/vpc-0fb6da66f3d212b1a",
            "assign_generated_ipv6_cidr_block": false,
            "cidr_block": "10.0.0.0/16",
            "default_network_acl_id": "acl-0aa479058b0a98703",
            "default_route_table_id": "rtb-000a31906fa3fdf61",
            "default_security_group_id": "sg-01d61093907cf55dc",
            "dhcp_options_id": "dopt-0f1ce26971dcd0ae2",
            "enable_dns_hostnames": false,
            "enable_dns_support": true,
            "enable_network_address_usage_metrics": false,
            "id": "vpc-0fb6da66f3d212b1a",
            "instance_tenancy": "default",
            "ipv4_ipam_pool_id": null,
            "ipv4_netmask_length": null,
            "ipv6_association_id": "",
            "ipv6_cidr_block": "",
            "ipv6_cidr_block_network_border_group": "",
            "ipv6_ipam_pool_id": "",
            "ipv6_netmask_length": 0,
            "main_route_table_id": "rtb-000a31906fa3fdf61",
            "owner_id": "296274010522",
            "tags": {
              "Name": "nqs-custom-vpc"
            },
            "tags_all": {
              "Name": "nqs-custom-vpc"
            }
          },
          "sensitive_attributes": [],
          "private": "eyJzY2hlbWFfdmVyc2lvbiI6IjEifQ=="
        }
      ]
    },
    {
      "module": "module.resources",
      "mode": "managed",
      "type": "local_file",
      "name": "private_key",
      "provider": "provider[\"registry.terraform.io/hashicorp/local\"]",
      "instances": [
        {
          "schema_version": 0,
          "attributes": {
            "content": "-----BEGIN RSA PRIVATE KEY-----\nMIIJKQIBAAKCAgEAqH7UjtkSvvAyeDktYEo/251qH71Mbkh4w79FW8S2AszbY2ET\n+uhjoIObuE21EnLCsjHiiMptxkopIDDDzWtmA7XmrXVL4/PuvAJNXI5Qv9K/nn7T\nTSa25uv6+zmyNzOBlsapmCm9wEl+AGStvI0/tILwOzmtbgxFSVhP+klJC2Pm3QHx\nXni8LsHw6/bZhC254V/Nmhiz+6RqPEZjXW6H9Cly5Am+EKO1YKMMs2iUKxB+nyDO\nBKSqQDEgwaeuW2ZV30TcatmpX2e/StjmxxWPuZFDlFsqlpAcCYSR76RQqzvEpzeF\nYmjoN7pdAOKIWQXsOs0B3U8THjpyr/Vr/8B1G3DBzptnruwV0XZx2/dR+AkwyZs4\n0XMcATp3bAZQiMmgRWgAxjKgqcDAfCQONBR4lZ59GVnSsRCglMuVnA0phNuVGsKn\n0EeyFTClg8lMpggIC9ejnD7XNoBBg3kQTDLuUYi87xTm1WV7j2QQ4k/fw44sZwBU\n4NCEv6iiQAQ7n8W2jQRJAZdBHgoaz2zGsFsBIiJP+3Fr9yRE7/QZW13kh/EbJwwn\nXE7UM4TbktvDMJxOH5NhwwijodjX0qYYLEsm9qbEk7lWQ1gb7bO7FRVof8D9Q9KT\nO+5wPZmvMOgA0PiMAFIIPsUIUbA181JX6ymDtnPOhQz9xQGb0MP2CCii8EUCAwEA\nAQKCAgA6+Tk4Ti3LepKPlaOWIia7nRr5xO2tY9ww1w9VkUILNNxMqjuuBAxqr+We\n2kPYEyal6+PX8NH/JxHB3I+LpF1uSwpUB8vqGwSh9URSctU8bmz28njOdhBqPon3\nyDfiLjrbJOlTArkRRie9x38vkViMu4+NiyBydgUCKNDFT0UroWm6TOXIJQXob6T9\nUcbMBp0ajseNebv1BZTRR+mbWAZppOA7hFVryYDANBFL8fx6HinTVE4HPgMAuLE4\nVpImF2lS3e0v0MMBS3Seo9ASOi+1yWwXztjXHdVSV34knCRH6oFn7XzX9tPgPXAz\n0RXb4sDNy9ctOHH+kIJ3p7SHLTtPL/biDRlkdUUPprpe8aKAY2c1fEZrIJeKeqef\nQM8/XX6cahGQV2nrLal/e9QKawScZuoWdEtWIUq7pKYMEd5qg8BbJ1zHAbGijW+0\nWo+1mz+CUK3YOyqlobGvsKQ5nqzWpKLDB9geouJEcBzJvkyMSAu1xFWI83riPGUh\nJmwnGKmPDuzbSYglVraAaR9nDzTnTr2pP5e/rKNjqDlBbesRHh1ZrlOXfdZtAyRI\nKvHfSgzg7aowSqefP4g584MBu4+jk4OYDM1ZkUAquK7K2OwLtvQotgm8DwHowsxI\nuJ2KyJKsOrWv2eWhTW3jnPg3e4VBCvjRbXasS+TfLpRTR2X6wQKCAQEAylxI2/p3\nnMHOUW3o2tWyGDssPvv05PCRy5a37O0sg2/d6GdgTwG5IDKjGNc/DR0CRaZE8dOy\nvSDFA3SO4fDJoTq4k82GB62sOAd8AC5ava+Yt0+J1ruo7FM9VFMgypxL1dsXnwmL\nDnvZTR60B9HFG01q1foG7O/zeNEdEzPwvmXuZvHrlTTg//j9NNgWBkFihFIAoW74\nhKHp387gNdQQwuz7GpUR47O2y8FGeplUCGsr7u/WhqAhHKnjQfANVEZKZ52tpAYn\nqrUbaW2SecNbSS23bTQWWgwDj+f85usH2RCRhSnzIKc7UbFRauRmudMP3fA9hOPA\nviSjNtT1+UvaCQKCAQEA1SiKjAcJB+20Zfgq9VzjutAmatB/47JJfDPIkBBB3C/N\necYOzcm5B7biKIcK0xe54OFlBR2/QyDY9m0ofaAePgEFtci92HDA7SnrMHyCY+9v\nIPOczuLe+pfDt9AvJbtLv4AOkHVQSdHChKmd3+EOIj9ejlxmNcTnEcHw4WQH/btc\npomS488i0zlhMF4HBxgzd6I9idJ1epJvmFq2XHI+Eeqs1DR/7alIipI8rJX7bRzu\nTTOxe0vHi/6CONImFBSfn1eyiiAojMVwzgZPsmcPf1WXCnm1L1gywO7UDvGLAJLW\nsHRgOgwv5IUzfqIvgfZ28yZCo+PkDEZfRDCEznmjXQKCAQEAuefuR6njGXAzSzve\nIK0R4JD8JSDz6x/X0WG1t0RtEJNFGq1eHTdIC/x5OekFU9bCr5oA3OnP21Cvrmz2\nlzvPAQAhcifuaj9zaEX39XKgioM3mbDIwS3GEtamEUINbhYI1X9iRAlQZw4ApIkA\ne+6LVnnZHJuGoUYQN35lZ67gDQs36ft2oqzhyEfG1zVthnGrQETVr3lzduYJJkO4\nV7traqisR8+Lj9UaqjX1ucwDF3jd87UDMMsLoHmy/nC6ziGFWYvSak39Qyb+9+xi\nFNsUkjYdvYWMw00mOJ64CK0DmLdP+TaA1g7MwFBWrA0JEs6EVTDQU7Wo7QZbq5Qa\nJd05gQKCAQB4+Rs4QT3k3AkH3gIzYlZ0TXGgKViLl0GRVao76J4YIqEQvVDlhdiX\nAjn0GkAQcWSytfipIKrNpDS+FlFmiprfQaFF+/mSfttfPe0WhXNS2C5PmzKhT6yQ\nt9UB2wsG9PcWZczeO1Ynrv4gYEsTJhzpXuGBFfuEBI3HTDQzFpxaah04/tb4pzPy\ngJwh4RtH8Xo0KUWXlHPL7pOa+dCJQuTrMi6H+IuqC+r5iekZYb1hvYuZEP9nJCjJ\n0NWC/fFScCnvOsw/C+U3j05n/rj4XPk0oRSpg01K41lambCMEpV669sgJcv+5a/A\nl8AT3GPt9Dyp3krvzIQ+Wynx/z9AF1SZAoIBAQCgKI8ReIykAQpFFRZ9r7uWtzZi\nIc/H7a23ynLu8+6buU1E8Spe0iIyft5tQE7a7U8nQ85NZPWXYpld/fnGCx91bsZQ\nGrdzgmC+e5H+5s5gvtxO3s9sVeoHGejFsgy8829AsAOGSqG8/VQCOGFDAp3nVxUF\n+O7LpwX3e/E1w/32/LYRfzaN0lbh9/aYcp1sSQTGb8eZrVsr36/xgbGcDCPsfIbX\naayCIfDMap4c+w3wFpWDVQ9ePEhTU07Ybf3uk201xMID7dNwku4MBwP5fcJnHApN\ndcFmS9A+Mh3babKMFFeXQQLbK2nck/rIeoS0NnOzKW42v6FWQnLGrgyilMAZ\n-----END RSA PRIVATE KEY-----\n",
            "content_base64": null,
            "content_base64sha256": "jarkCraj99NWDw1x7LaVy/fG2gHIQhQbEhH4CTTElrE=",
            "content_base64sha512": "sWRIjw8Ae/JAyL74QRA/dBLsDQnW16DnUTzr40cByKzKuy7Pm76Nam2cMfqBa92jS31vCmJhVl+xJbcHaK3HxA==",
            "content_md5": "389d4bdf5c46db371e014446706e741c",
            "content_sha1": "a3e8d3de6b0caec63ceb6feac377cfc1cdbaef0e",
            "content_sha256": "8daae40ab6a3f7d3560f0d71ecb695cbf7c6da01c842141b1211f80934c496b1",
            "content_sha512": "b164488f0f007bf240c8bef841103f7412ec0d09d6d7a0e7513cebe34701c8accabb2ecf9bbe8d6a6d9c31fa816bdda34b7d6f0a6261565fb125b70768adc7c4",
            "directory_permission": "0777",
            "file_permission": "0777",
            "filename": "terra-test.pem",
            "id": "a3e8d3de6b0caec63ceb6feac377cfc1cdbaef0e",
            "sensitive_content": null,
            "source": null
          },
          "sensitive_attributes": [
            [
              {
                "type": "get_attr",
                "value": "content"
              }
            ]
          ],
          "dependencies": [
            "module.resources.tls_private_key.rsa_4096"
          ]
        }
      ]
    },
    {
      "module": "module.resources",
      "mode": "managed",
      "type": "tls_private_key",
      "name": "rsa_4096",
      "provider": "provider[\"registry.terraform.io/hashicorp/tls\"]",
      "instances": [
        {
          "schema_version": 1,
          "attributes": {
            "algorithm": "RSA",
            "ecdsa_curve": "P224",
            "id": "a34b6b73df1732fff28dabe93b0d0f92fab8af14",
            "private_key_openssh": "-----BEGIN OPENSSH PRIVATE KEY-----\nb3BlbnNzaC1rZXktdjEAAAAABG5vbmUAAAAEbm9uZQAAAAAAAAABAAACFwAAAAdz\nc2gtcnNhAAAAAwEAAQAAAgEAqH7UjtkSvvAyeDktYEo/251qH71Mbkh4w79FW8S2\nAszbY2ET+uhjoIObuE21EnLCsjHiiMptxkopIDDDzWtmA7XmrXVL4/PuvAJNXI5Q\nv9K/nn7TTSa25uv6+zmyNzOBlsapmCm9wEl+AGStvI0/tILwOzmtbgxFSVhP+klJ\nC2Pm3QHxXni8LsHw6/bZhC254V/Nmhiz+6RqPEZjXW6H9Cly5Am+EKO1YKMMs2iU\nKxB+nyDOBKSqQDEgwaeuW2ZV30TcatmpX2e/StjmxxWPuZFDlFsqlpAcCYSR76RQ\nqzvEpzeFYmjoN7pdAOKIWQXsOs0B3U8THjpyr/Vr/8B1G3DBzptnruwV0XZx2/dR\n+AkwyZs40XMcATp3bAZQiMmgRWgAxjKgqcDAfCQONBR4lZ59GVnSsRCglMuVnA0p\nhNuVGsKn0EeyFTClg8lMpggIC9ejnD7XNoBBg3kQTDLuUYi87xTm1WV7j2QQ4k/f\nw44sZwBU4NCEv6iiQAQ7n8W2jQRJAZdBHgoaz2zGsFsBIiJP+3Fr9yRE7/QZW13k\nh/EbJwwnXE7UM4TbktvDMJxOH5NhwwijodjX0qYYLEsm9qbEk7lWQ1gb7bO7FRVo\nf8D9Q9KTO+5wPZmvMOgA0PiMAFIIPsUIUbA181JX6ymDtnPOhQz9xQGb0MP2CCii\n8EUAAAc4wHXf0sB139IAAAAHc3NoLXJzYQAAAgEAqH7UjtkSvvAyeDktYEo/251q\nH71Mbkh4w79FW8S2AszbY2ET+uhjoIObuE21EnLCsjHiiMptxkopIDDDzWtmA7Xm\nrXVL4/PuvAJNXI5Qv9K/nn7TTSa25uv6+zmyNzOBlsapmCm9wEl+AGStvI0/tILw\nOzmtbgxFSVhP+klJC2Pm3QHxXni8LsHw6/bZhC254V/Nmhiz+6RqPEZjXW6H9Cly\n5Am+EKO1YKMMs2iUKxB+nyDOBKSqQDEgwaeuW2ZV30TcatmpX2e/StjmxxWPuZFD\nlFsqlpAcCYSR76RQqzvEpzeFYmjoN7pdAOKIWQXsOs0B3U8THjpyr/Vr/8B1G3DB\nzptnruwV0XZx2/dR+AkwyZs40XMcATp3bAZQiMmgRWgAxjKgqcDAfCQONBR4lZ59\nGVnSsRCglMuVnA0phNuVGsKn0EeyFTClg8lMpggIC9ejnD7XNoBBg3kQTDLuUYi8\n7xTm1WV7j2QQ4k/fw44sZwBU4NCEv6iiQAQ7n8W2jQRJAZdBHgoaz2zGsFsBIiJP\n+3Fr9yRE7/QZW13kh/EbJwwnXE7UM4TbktvDMJxOH5NhwwijodjX0qYYLEsm9qbE\nk7lWQ1gb7bO7FRVof8D9Q9KTO+5wPZmvMOgA0PiMAFIIPsUIUbA181JX6ymDtnPO\nhQz9xQGb0MP2CCii8EUAAAADAQABAAACADr5OThOLct6ko+Vo5YiJrudGvnE7a1j\n3DDXD1WRQgs03EyqO64EDGqv5Z7aQ9gTJqXr49fw0f8nEcHcj4ukXW5LClQHy+ob\nBKH1RFJy1TxubPbyeM52EGo+iffIN+IuOtsk6VMCuRFGJ73Hfy+RWIy7j42LIHJ2\nBQIo0MVPRSuhabpM5cglBehvpP1RxswGnRqOx415u/UFlNFH6ZtYBmmk4DuEVWvJ\ngMA0EUvx/HoeKdNUTgc+AwC4sThWkiYXaVLd7S/QwwFLdJ6j0BI6L7XJbBfO2Ncd\n1VJXfiScJEfqgWftfNf20+A9cDPRFdviwM3L1y04cf6QgnentIctO08v9uINGWR1\nRQ+mul7xooBjZzV8Rmsgl4p6p59Azz9dfpxqEZBXaestqX971AprBJxm6hZ0S1Yh\nSrukpgwR3mqDwFsnXMcBsaKNb7Raj7WbP4JQrdg7KqWhsa+wpDmerNakosMH2B6i\n4kRwHMm+TIxIC7XEVYjzeuI8ZSEmbCcYqY8O7NtJiCVWtoBpH2cPNOdOvak/l7+s\no2OoOUFt6xEeHVmuU5d91m0DJEgq8d9KDODtqjBKp58/iDnzgwG7j6OTg5gMzVmR\nQCq4rsrY7Au29Ci2CbwPAejCzEi4nYrIkqw6ta/Z5aFNbeOc+Dd7hUEK+NFtdqxL\n5N8ulFNHZfrBAAABAQCgKI8ReIykAQpFFRZ9r7uWtzZiIc/H7a23ynLu8+6buU1E\n8Spe0iIyft5tQE7a7U8nQ85NZPWXYpld/fnGCx91bsZQGrdzgmC+e5H+5s5gvtxO\n3s9sVeoHGejFsgy8829AsAOGSqG8/VQCOGFDAp3nVxUF+O7LpwX3e/E1w/32/LYR\nfzaN0lbh9/aYcp1sSQTGb8eZrVsr36/xgbGcDCPsfIbXaayCIfDMap4c+w3wFpWD\nVQ9ePEhTU07Ybf3uk201xMID7dNwku4MBwP5fcJnHApNdcFmS9A+Mh3babKMFFeX\nQQLbK2nck/rIeoS0NnOzKW42v6FWQnLGrgyilMAZAAABAQDKXEjb+necwc5Rbeja\n1bIYOyw++/Tk8JHLlrfs7SyDb93oZ2BPAbkgMqMY1z8NHQJFpkTx07K9IMUDdI7h\n8MmhOriTzYYHraw4B3wALlq9r5i3T4nWu6jsUz1UUyDKnEvV2xefCYsOe9lNHrQH\n0cUbTWrV+gbs7/N40R0TM/C+Ze5m8euVNOD/+P002BYGQWKEUgChbviEoenfzuA1\n1BDC7PsalRHjs7bLwUZ6mVQIayvu79aGoCEcqeNB8A1URkpnna2kBieqtRtpbZJ5\nw1tJLbdtNBZaDAOP5/zm6wfZEJGFKfMgpztRsVFq5Ga50w/d8D2E48C+JKM21PX5\nS9oJAAABAQDVKIqMBwkH7bRl+Cr1XOO60CZq0H/jskl8M8iQEEHcL815xg7NybkH\ntuIohwrTF7ng4WUFHb9DINj2bSh9oB4+AQW1yL3YcMDtKeswfIJj728g85zO4t76\nl8O30C8lu0u/gA6QdVBJ0cKEqZ3f4Q4iP16OXGY1xOcRwfDhZAf9u1ymiZLjzyLT\nOWEwXgcHGDN3oj2J0nV6km+YWrZccj4R6qzUNH/tqUiKkjyslfttHO5NM7F7S8eL\n/oI40iYUFJ+fV7KKICiMxXDOBk+yZw9/VZcKebUvWDLA7tQO8YsAktawdGA6DC/k\nhTN+oi+B9nbzJkKj4+QMRl9EMITOeaNdAAAAAAEC\n-----END OPENSSH PRIVATE KEY-----\n",
            "private_key_pem": "-----BEGIN RSA PRIVATE KEY-----\nMIIJKQIBAAKCAgEAqH7UjtkSvvAyeDktYEo/251qH71Mbkh4w79FW8S2AszbY2ET\n+uhjoIObuE21EnLCsjHiiMptxkopIDDDzWtmA7XmrXVL4/PuvAJNXI5Qv9K/nn7T\nTSa25uv6+zmyNzOBlsapmCm9wEl+AGStvI0/tILwOzmtbgxFSVhP+klJC2Pm3QHx\nXni8LsHw6/bZhC254V/Nmhiz+6RqPEZjXW6H9Cly5Am+EKO1YKMMs2iUKxB+nyDO\nBKSqQDEgwaeuW2ZV30TcatmpX2e/StjmxxWPuZFDlFsqlpAcCYSR76RQqzvEpzeF\nYmjoN7pdAOKIWQXsOs0B3U8THjpyr/Vr/8B1G3DBzptnruwV0XZx2/dR+AkwyZs4\n0XMcATp3bAZQiMmgRWgAxjKgqcDAfCQONBR4lZ59GVnSsRCglMuVnA0phNuVGsKn\n0EeyFTClg8lMpggIC9ejnD7XNoBBg3kQTDLuUYi87xTm1WV7j2QQ4k/fw44sZwBU\n4NCEv6iiQAQ7n8W2jQRJAZdBHgoaz2zGsFsBIiJP+3Fr9yRE7/QZW13kh/EbJwwn\nXE7UM4TbktvDMJxOH5NhwwijodjX0qYYLEsm9qbEk7lWQ1gb7bO7FRVof8D9Q9KT\nO+5wPZmvMOgA0PiMAFIIPsUIUbA181JX6ymDtnPOhQz9xQGb0MP2CCii8EUCAwEA\nAQKCAgA6+Tk4Ti3LepKPlaOWIia7nRr5xO2tY9ww1w9VkUILNNxMqjuuBAxqr+We\n2kPYEyal6+PX8NH/JxHB3I+LpF1uSwpUB8vqGwSh9URSctU8bmz28njOdhBqPon3\nyDfiLjrbJOlTArkRRie9x38vkViMu4+NiyBydgUCKNDFT0UroWm6TOXIJQXob6T9\nUcbMBp0ajseNebv1BZTRR+mbWAZppOA7hFVryYDANBFL8fx6HinTVE4HPgMAuLE4\nVpImF2lS3e0v0MMBS3Seo9ASOi+1yWwXztjXHdVSV34knCRH6oFn7XzX9tPgPXAz\n0RXb4sDNy9ctOHH+kIJ3p7SHLTtPL/biDRlkdUUPprpe8aKAY2c1fEZrIJeKeqef\nQM8/XX6cahGQV2nrLal/e9QKawScZuoWdEtWIUq7pKYMEd5qg8BbJ1zHAbGijW+0\nWo+1mz+CUK3YOyqlobGvsKQ5nqzWpKLDB9geouJEcBzJvkyMSAu1xFWI83riPGUh\nJmwnGKmPDuzbSYglVraAaR9nDzTnTr2pP5e/rKNjqDlBbesRHh1ZrlOXfdZtAyRI\nKvHfSgzg7aowSqefP4g584MBu4+jk4OYDM1ZkUAquK7K2OwLtvQotgm8DwHowsxI\nuJ2KyJKsOrWv2eWhTW3jnPg3e4VBCvjRbXasS+TfLpRTR2X6wQKCAQEAylxI2/p3\nnMHOUW3o2tWyGDssPvv05PCRy5a37O0sg2/d6GdgTwG5IDKjGNc/DR0CRaZE8dOy\nvSDFA3SO4fDJoTq4k82GB62sOAd8AC5ava+Yt0+J1ruo7FM9VFMgypxL1dsXnwmL\nDnvZTR60B9HFG01q1foG7O/zeNEdEzPwvmXuZvHrlTTg//j9NNgWBkFihFIAoW74\nhKHp387gNdQQwuz7GpUR47O2y8FGeplUCGsr7u/WhqAhHKnjQfANVEZKZ52tpAYn\nqrUbaW2SecNbSS23bTQWWgwDj+f85usH2RCRhSnzIKc7UbFRauRmudMP3fA9hOPA\nviSjNtT1+UvaCQKCAQEA1SiKjAcJB+20Zfgq9VzjutAmatB/47JJfDPIkBBB3C/N\necYOzcm5B7biKIcK0xe54OFlBR2/QyDY9m0ofaAePgEFtci92HDA7SnrMHyCY+9v\nIPOczuLe+pfDt9AvJbtLv4AOkHVQSdHChKmd3+EOIj9ejlxmNcTnEcHw4WQH/btc\npomS488i0zlhMF4HBxgzd6I9idJ1epJvmFq2XHI+Eeqs1DR/7alIipI8rJX7bRzu\nTTOxe0vHi/6CONImFBSfn1eyiiAojMVwzgZPsmcPf1WXCnm1L1gywO7UDvGLAJLW\nsHRgOgwv5IUzfqIvgfZ28yZCo+PkDEZfRDCEznmjXQKCAQEAuefuR6njGXAzSzve\nIK0R4JD8JSDz6x/X0WG1t0RtEJNFGq1eHTdIC/x5OekFU9bCr5oA3OnP21Cvrmz2\nlzvPAQAhcifuaj9zaEX39XKgioM3mbDIwS3GEtamEUINbhYI1X9iRAlQZw4ApIkA\ne+6LVnnZHJuGoUYQN35lZ67gDQs36ft2oqzhyEfG1zVthnGrQETVr3lzduYJJkO4\nV7traqisR8+Lj9UaqjX1ucwDF3jd87UDMMsLoHmy/nC6ziGFWYvSak39Qyb+9+xi\nFNsUkjYdvYWMw00mOJ64CK0DmLdP+TaA1g7MwFBWrA0JEs6EVTDQU7Wo7QZbq5Qa\nJd05gQKCAQB4+Rs4QT3k3AkH3gIzYlZ0TXGgKViLl0GRVao76J4YIqEQvVDlhdiX\nAjn0GkAQcWSytfipIKrNpDS+FlFmiprfQaFF+/mSfttfPe0WhXNS2C5PmzKhT6yQ\nt9UB2wsG9PcWZczeO1Ynrv4gYEsTJhzpXuGBFfuEBI3HTDQzFpxaah04/tb4pzPy\ngJwh4RtH8Xo0KUWXlHPL7pOa+dCJQuTrMi6H+IuqC+r5iekZYb1hvYuZEP9nJCjJ\n0NWC/fFScCnvOsw/C+U3j05n/rj4XPk0oRSpg01K41lambCMEpV669sgJcv+5a/A\nl8AT3GPt9Dyp3krvzIQ+Wynx/z9AF1SZAoIBAQCgKI8ReIykAQpFFRZ9r7uWtzZi\nIc/H7a23ynLu8+6buU1E8Spe0iIyft5tQE7a7U8nQ85NZPWXYpld/fnGCx91bsZQ\nGrdzgmC+e5H+5s5gvtxO3s9sVeoHGejFsgy8829AsAOGSqG8/VQCOGFDAp3nVxUF\n+O7LpwX3e/E1w/32/LYRfzaN0lbh9/aYcp1sSQTGb8eZrVsr36/xgbGcDCPsfIbX\naayCIfDMap4c+w3wFpWDVQ9ePEhTU07Ybf3uk201xMID7dNwku4MBwP5fcJnHApN\ndcFmS9A+Mh3babKMFFeXQQLbK2nck/rIeoS0NnOzKW42v6FWQnLGrgyilMAZ\n-----END RSA PRIVATE KEY-----\n",
            "private_key_pem_pkcs8": "-----BEGIN PRIVATE KEY-----\nMIIJQwIBADANBgkqhkiG9w0BAQEFAASCCS0wggkpAgEAAoICAQCoftSO2RK+8DJ4\nOS1gSj/bnWofvUxuSHjDv0VbxLYCzNtjYRP66GOgg5u4TbUScsKyMeKIym3GSikg\nMMPNa2YDteatdUvj8+68Ak1cjlC/0r+eftNNJrbm6/r7ObI3M4GWxqmYKb3ASX4A\nZK28jT+0gvA7Oa1uDEVJWE/6SUkLY+bdAfFeeLwuwfDr9tmELbnhX82aGLP7pGo8\nRmNdbof0KXLkCb4Qo7VgowyzaJQrEH6fIM4EpKpAMSDBp65bZlXfRNxq2alfZ79K\n2ObHFY+5kUOUWyqWkBwJhJHvpFCrO8SnN4ViaOg3ul0A4ohZBew6zQHdTxMeOnKv\n9Wv/wHUbcMHOm2eu7BXRdnHb91H4CTDJmzjRcxwBOndsBlCIyaBFaADGMqCpwMB8\nJA40FHiVnn0ZWdKxEKCUy5WcDSmE25UawqfQR7IVMKWDyUymCAgL16OcPtc2gEGD\neRBMMu5RiLzvFObVZXuPZBDiT9/DjixnAFTg0IS/qKJABDufxbaNBEkBl0EeChrP\nbMawWwEiIk/7cWv3JETv9BlbXeSH8RsnDCdcTtQzhNuS28MwnE4fk2HDCKOh2NfS\nphgsSyb2psSTuVZDWBvts7sVFWh/wP1D0pM77nA9ma8w6ADQ+IwAUgg+xQhRsDXz\nUlfrKYO2c86FDP3FAZvQw/YIKKLwRQIDAQABAoICADr5OThOLct6ko+Vo5YiJrud\nGvnE7a1j3DDXD1WRQgs03EyqO64EDGqv5Z7aQ9gTJqXr49fw0f8nEcHcj4ukXW5L\nClQHy+obBKH1RFJy1TxubPbyeM52EGo+iffIN+IuOtsk6VMCuRFGJ73Hfy+RWIy7\nj42LIHJ2BQIo0MVPRSuhabpM5cglBehvpP1RxswGnRqOx415u/UFlNFH6ZtYBmmk\n4DuEVWvJgMA0EUvx/HoeKdNUTgc+AwC4sThWkiYXaVLd7S/QwwFLdJ6j0BI6L7XJ\nbBfO2Ncd1VJXfiScJEfqgWftfNf20+A9cDPRFdviwM3L1y04cf6QgnentIctO08v\n9uINGWR1RQ+mul7xooBjZzV8Rmsgl4p6p59Azz9dfpxqEZBXaestqX971AprBJxm\n6hZ0S1YhSrukpgwR3mqDwFsnXMcBsaKNb7Raj7WbP4JQrdg7KqWhsa+wpDmerNak\nosMH2B6i4kRwHMm+TIxIC7XEVYjzeuI8ZSEmbCcYqY8O7NtJiCVWtoBpH2cPNOdO\nvak/l7+so2OoOUFt6xEeHVmuU5d91m0DJEgq8d9KDODtqjBKp58/iDnzgwG7j6OT\ng5gMzVmRQCq4rsrY7Au29Ci2CbwPAejCzEi4nYrIkqw6ta/Z5aFNbeOc+Dd7hUEK\n+NFtdqxL5N8ulFNHZfrBAoIBAQDKXEjb+necwc5Rbeja1bIYOyw++/Tk8JHLlrfs\n7SyDb93oZ2BPAbkgMqMY1z8NHQJFpkTx07K9IMUDdI7h8MmhOriTzYYHraw4B3wA\nLlq9r5i3T4nWu6jsUz1UUyDKnEvV2xefCYsOe9lNHrQH0cUbTWrV+gbs7/N40R0T\nM/C+Ze5m8euVNOD/+P002BYGQWKEUgChbviEoenfzuA11BDC7PsalRHjs7bLwUZ6\nmVQIayvu79aGoCEcqeNB8A1URkpnna2kBieqtRtpbZJ5w1tJLbdtNBZaDAOP5/zm\n6wfZEJGFKfMgpztRsVFq5Ga50w/d8D2E48C+JKM21PX5S9oJAoIBAQDVKIqMBwkH\n7bRl+Cr1XOO60CZq0H/jskl8M8iQEEHcL815xg7NybkHtuIohwrTF7ng4WUFHb9D\nINj2bSh9oB4+AQW1yL3YcMDtKeswfIJj728g85zO4t76l8O30C8lu0u/gA6QdVBJ\n0cKEqZ3f4Q4iP16OXGY1xOcRwfDhZAf9u1ymiZLjzyLTOWEwXgcHGDN3oj2J0nV6\nkm+YWrZccj4R6qzUNH/tqUiKkjyslfttHO5NM7F7S8eL/oI40iYUFJ+fV7KKICiM\nxXDOBk+yZw9/VZcKebUvWDLA7tQO8YsAktawdGA6DC/khTN+oi+B9nbzJkKj4+QM\nRl9EMITOeaNdAoIBAQC55+5HqeMZcDNLO94grRHgkPwlIPPrH9fRYbW3RG0Qk0Ua\nrV4dN0gL/Hk56QVT1sKvmgDc6c/bUK+ubPaXO88BACFyJ+5qP3NoRff1cqCKgzeZ\nsMjBLcYS1qYRQg1uFgjVf2JECVBnDgCkiQB77otWedkcm4ahRhA3fmVnruANCzfp\n+3airOHIR8bXNW2GcatARNWveXN25gkmQ7hXu2tqqKxHz4uP1RqqNfW5zAMXeN3z\ntQMwywugebL+cLrOIYVZi9JqTf1DJv737GIU2xSSNh29hYzDTSY4nrgIrQOYt0/5\nNoDWDszAUFasDQkSzoRVMNBTtajtBlurlBol3TmBAoIBAHj5GzhBPeTcCQfeAjNi\nVnRNcaApWIuXQZFVqjvonhgioRC9UOWF2JcCOfQaQBBxZLK1+Kkgqs2kNL4WUWaK\nmt9BoUX7+ZJ+21897RaFc1LYLk+bMqFPrJC31QHbCwb09xZlzN47Vieu/iBgSxMm\nHOle4YEV+4QEjcdMNDMWnFpqHTj+1vinM/KAnCHhG0fxejQpRZeUc8vuk5r50IlC\n5OsyLof4i6oL6vmJ6RlhvWG9i5kQ/2ckKMnQ1YL98VJwKe86zD8L5TePTmf+uPhc\n+TShFKmDTUrjWVqZsIwSlXrr2yAly/7lr8CXwBPcY+30PKneSu/MhD5bKfH/P0AX\nVJkCggEBAKAojxF4jKQBCkUVFn2vu5a3NmIhz8ftrbfKcu7z7pu5TUTxKl7SIjJ+\n3m1ATtrtTydDzk1k9ZdimV39+cYLH3VuxlAat3OCYL57kf7mzmC+3E7ez2xV6gcZ\n6MWyDLzzb0CwA4ZKobz9VAI4YUMCnedXFQX47sunBfd78TXD/fb8thF/No3SVuH3\n9phynWxJBMZvx5mtWyvfr/GBsZwMI+x8htdprIIh8Mxqnhz7DfAWlYNVD148SFNT\nTtht/e6TbTXEwgPt03CS7gwHA/l9wmccCk11wWZL0D4yHdtpsowUV5dBAtsradyT\n+sh6hLQ2c7Mpbja/oVZCcsauDKKUwBk=\n-----END PRIVATE KEY-----\n",
            "public_key_fingerprint_md5": "1b:ec:8f:e6:56:68:bb:b6:5a:cf:d1:70:97:a5:ee:24",
            "public_key_fingerprint_sha256": "SHA256:YHBowwLyX1yc7nDzbnKH1iwe0StrSIepyUylMJBDBv0",
            "public_key_openssh": "ssh-rsa AAAAB3NzaC1yc2EAAAADAQABAAACAQCoftSO2RK+8DJ4OS1gSj/bnWofvUxuSHjDv0VbxLYCzNtjYRP66GOgg5u4TbUScsKyMeKIym3GSikgMMPNa2YDteatdUvj8+68Ak1cjlC/0r+eftNNJrbm6/r7ObI3M4GWxqmYKb3ASX4AZK28jT+0gvA7Oa1uDEVJWE/6SUkLY+bdAfFeeLwuwfDr9tmELbnhX82aGLP7pGo8RmNdbof0KXLkCb4Qo7VgowyzaJQrEH6fIM4EpKpAMSDBp65bZlXfRNxq2alfZ79K2ObHFY+5kUOUWyqWkBwJhJHvpFCrO8SnN4ViaOg3ul0A4ohZBew6zQHdTxMeOnKv9Wv/wHUbcMHOm2eu7BXRdnHb91H4CTDJmzjRcxwBOndsBlCIyaBFaADGMqCpwMB8JA40FHiVnn0ZWdKxEKCUy5WcDSmE25UawqfQR7IVMKWDyUymCAgL16OcPtc2gEGDeRBMMu5RiLzvFObVZXuPZBDiT9/DjixnAFTg0IS/qKJABDufxbaNBEkBl0EeChrPbMawWwEiIk/7cWv3JETv9BlbXeSH8RsnDCdcTtQzhNuS28MwnE4fk2HDCKOh2NfSphgsSyb2psSTuVZDWBvts7sVFWh/wP1D0pM77nA9ma8w6ADQ+IwAUgg+xQhRsDXzUlfrKYO2c86FDP3FAZvQw/YIKKLwRQ==\n",
            "public_key_pem": "-----BEGIN PUBLIC KEY-----\nMIICIjANBgkqhkiG9w0BAQEFAAOCAg8AMIICCgKCAgEAqH7UjtkSvvAyeDktYEo/\n251qH71Mbkh4w79FW8S2AszbY2ET+uhjoIObuE21EnLCsjHiiMptxkopIDDDzWtm\nA7XmrXVL4/PuvAJNXI5Qv9K/nn7TTSa25uv6+zmyNzOBlsapmCm9wEl+AGStvI0/\ntILwOzmtbgxFSVhP+klJC2Pm3QHxXni8LsHw6/bZhC254V/Nmhiz+6RqPEZjXW6H\n9Cly5Am+EKO1YKMMs2iUKxB+nyDOBKSqQDEgwaeuW2ZV30TcatmpX2e/StjmxxWP\nuZFDlFsqlpAcCYSR76RQqzvEpzeFYmjoN7pdAOKIWQXsOs0B3U8THjpyr/Vr/8B1\nG3DBzptnruwV0XZx2/dR+AkwyZs40XMcATp3bAZQiMmgRWgAxjKgqcDAfCQONBR4\nlZ59GVnSsRCglMuVnA0phNuVGsKn0EeyFTClg8lMpggIC9ejnD7XNoBBg3kQTDLu\nUYi87xTm1WV7j2QQ4k/fw44sZwBU4NCEv6iiQAQ7n8W2jQRJAZdBHgoaz2zGsFsB\nIiJP+3Fr9yRE7/QZW13kh/EbJwwnXE7UM4TbktvDMJxOH5NhwwijodjX0qYYLEsm\n9qbEk7lWQ1gb7bO7FRVof8D9Q9KTO+5wPZmvMOgA0PiMAFIIPsUIUbA181JX6ymD\ntnPOhQz9xQGb0MP2CCii8EUCAwEAAQ==\n-----END PUBLIC KEY-----\n",
            "rsa_bits": 4096
          },
          "sensitive_attributes": []
        }
      ]
    }
  ],
  "check_results": null
}
